# THIS IS AN AUTOGENERATED FILE. DO NOT EDIT THIS FILE DIRECTLY.
# yarn lockfile v1


"@jridgewell/gen-mapping@^0.3.0":
  "integrity" "sha512-mh65xKQAzI6iBcFzwv28KVWSmCkdRBWoOh+bYQGW3+6OZvbbN3TqMGo5hqYxQniRcH9F2VZIoJCm4pa3BPDK/A=="
  "resolved" "https://registry.npmjs.org/@jridgewell/gen-mapping/-/gen-mapping-0.3.2.tgz"
  "version" "0.3.2"
  dependencies:
    "@jridgewell/set-array" "^1.0.1"
    "@jridgewell/sourcemap-codec" "^1.4.10"
    "@jridgewell/trace-mapping" "^0.3.9"

"@jridgewell/resolve-uri@3.1.0":
  "integrity" "sha512-F2msla3tad+Mfht5cJq7LSXcdudKTWCVYUgw6pLFOOHSTtZlj6SWNYAp+AhuqLmWdBO2X5hPrLcu8cVP8fy28w=="
  "resolved" "https://registry.npmjs.org/@jridgewell/resolve-uri/-/resolve-uri-3.1.0.tgz"
  "version" "3.1.0"

"@jridgewell/set-array@^1.0.1":
  "integrity" "sha512-xnkseuNADM0gt2bs+BvhO0p78Mk762YnZdsuzFV018NoG1Sj1SCQvpSqa7XUaTam5vAGasABV9qXASMKnFMwMw=="
  "resolved" "https://registry.npmjs.org/@jridgewell/set-array/-/set-array-1.1.2.tgz"
  "version" "1.1.2"

"@jridgewell/source-map@^0.3.2":
  "integrity" "sha512-m7O9o2uR8k2ObDysZYzdfhb08VuEml5oWGiosa1VdaPZ/A6QyPkAJuwN0Q1lhULOf6B7MtQmHENS743hWtCrgw=="
  "resolved" "https://registry.npmjs.org/@jridgewell/source-map/-/source-map-0.3.2.tgz"
  "version" "0.3.2"
  dependencies:
    "@jridgewell/gen-mapping" "^0.3.0"
    "@jridgewell/trace-mapping" "^0.3.9"

"@jridgewell/sourcemap-codec@^1.4.10", "@jridgewell/sourcemap-codec@1.4.14":
  "integrity" "sha512-XPSJHWmi394fuUuzDnGz1wiKqWfo1yXecHQMRf2l6hztTO+nPru658AyDngaBe7isIxEkRsPR3FZh+s7iVa4Uw=="
  "resolved" "https://registry.npmjs.org/@jridgewell/sourcemap-codec/-/sourcemap-codec-1.4.14.tgz"
  "version" "1.4.14"

"@jridgewell/trace-mapping@^0.3.9":
  "integrity" "sha512-MCNzAp77qzKca9+W/+I0+sEpaUnZoeasnghNeVc41VZCEKaCH73Vq3BZZ/SzWIgrqE4H4ceI+p+b6C0mHf9T4g=="
  "resolved" "https://registry.npmjs.org/@jridgewell/trace-mapping/-/trace-mapping-0.3.17.tgz"
  "version" "0.3.17"
  dependencies:
    "@jridgewell/resolve-uri" "3.1.0"
    "@jridgewell/sourcemap-codec" "1.4.14"

"@rollup/pluginutils@^5.0.2":
  "integrity" "sha512-pTd9rIsP92h+B6wWwFbW8RkZv4hiR/xKsqre4SIuAOaOEQRxi0lqLke9k2/7WegC85GgUs9pjmOjCUi3In4vwA=="
  "resolved" "https://registry.npmjs.org/@rollup/pluginutils/-/pluginutils-5.0.2.tgz"
  "version" "5.0.2"
  dependencies:
    "@types/estree" "^1.0.0"
    "estree-walker" "^2.0.2"
    "picomatch" "^2.3.1"

"@theatre/core@*", "@theatre/core@^0.5.0":
  "integrity" "sha512-LV3LwHPWVm62bR6DUQ55t4kCaI1KGrz+rPLoA6pMJ57x+6vBpoSCI0b11gJPdA1mCXebcNWN+U5M3PP6jJaSSg=="
  "resolved" "https://registry.npmjs.org/@theatre/core/-/core-0.5.1.tgz"
  "version" "0.5.1"
  dependencies:
    "@theatre/dataverse" "0.5.1"

"@theatre/dataverse@0.5.1":
  "integrity" "sha512-oTjR8fNDbY11GSp7kw8quuOE9IC/5qzTe++OjFgn5enHKcFSaSPAZ8SIyOs+Im9bYgjcJFg/AYgU3Xi/MENgwQ=="
  "resolved" "https://registry.npmjs.org/@theatre/dataverse/-/dataverse-0.5.1.tgz"
  "version" "0.5.1"
  dependencies:
    "lodash-es" "^4.17.21"

"@theatre/studio@^0.5.0":
  "integrity" "sha512-6r8JjSdUhL8JXMLlnhOLLFc/Br5Ddcq4EQmwUSCEBbFuJZcyb++GxV23p5W7a0DiB7NgtKdORj77n5NBt0WEpA=="
  "resolved" "https://registry.npmjs.org/@theatre/studio/-/studio-0.5.1.tgz"
  "version" "0.5.1"
  dependencies:
    "@theatre/dataverse" "0.5.1"

"@types/estree@^1.0.0":
  "integrity" "sha512-WulqXMDUTYAXCjZnk6JtIHPigp55cVtDgDrO2gHRwhyJto21+1zbVCtOYB2L1F9w4qCQ0rOGWBnBe0FNTiEJIQ=="
  "resolved" "https://registry.npmjs.org/@types/estree/-/estree-1.0.0.tgz"
  "version" "1.0.0"

"acorn@^8.5.0":
  "integrity" "sha512-xjIYgE8HBrkpd/sJqOGNspf8uHG+NOHGOw6a/Urj8taM2EXfdNAH2oFcPeIFfsv3+kz/mJrS5VuMqbNLjCa2vw=="
  "resolved" "https://registry.npmjs.org/acorn/-/acorn-8.8.2.tgz"
  "version" "8.8.2"

"buffer-from@^1.0.0":
  "integrity" "sha512-E+XQCRwSbaaiChtv6k6Dwgc+bx+Bs6vuKJHHl5kox/BaKbhiXzqQOwK4cO22yElGp2OCmjwVhT3HmxgyPGnJfQ=="
  "resolved" "https://registry.npmjs.org/buffer-from/-/buffer-from-1.1.2.tgz"
  "version" "1.1.2"

"commander@^2.20.0":
  "integrity" "sha512-GpVkmM8vF2vQUkj2LvZmD35JxeJOLCwJ9cUkugyk2nuhbv3+mJvpLYYt+0+USMxE+oj+ey/lJEnhZw75x/OMcQ=="
  "resolved" "https://registry.npmjs.org/commander/-/commander-2.20.3.tgz"
  "version" "2.20.3"

"core-js@^3.6.4":
  "integrity" "sha512-VG23vuEisJNkGl6XQmFJd3rEG/so/CNatqeE+7uZAwTSwFeB/qaO0be8xZYUNWprJ/GIwL8aMt9cj1kvbpTZhg=="
  "resolved" "https://registry.npmjs.org/core-js/-/core-js-3.29.0.tgz"
  "version" "3.29.0"

"esbuild-darwin-arm64@0.15.18":
  "integrity" "sha512-tKPSxcTJ5OmNb1btVikATJ8NftlyNlc8BVNtyT/UAr62JFOhwHlnoPrhYWz09akBLHI9nElFVfWSTSRsrZiDUA=="
  "resolved" "https://registry.npmjs.org/esbuild-darwin-arm64/-/esbuild-darwin-arm64-0.15.18.tgz"
  "version" "0.15.18"

"esbuild@^0.15.9":
  "integrity" "sha512-x/R72SmW3sSFRm5zrrIjAhCeQSAWoni3CmHEqfQrZIQTM3lVCdehdwuIqaOtfC2slvpdlLa62GYoN8SxT23m6Q=="
  "resolved" "https://registry.npmjs.org/esbuild/-/esbuild-0.15.18.tgz"
  "version" "0.15.18"
  optionalDependencies:
    "@esbuild/android-arm" "0.15.18"
    "@esbuild/linux-loong64" "0.15.18"
    "esbuild-android-64" "0.15.18"
    "esbuild-android-arm64" "0.15.18"
    "esbuild-darwin-64" "0.15.18"
    "esbuild-darwin-arm64" "0.15.18"
    "esbuild-freebsd-64" "0.15.18"
    "esbuild-freebsd-arm64" "0.15.18"
    "esbuild-linux-32" "0.15.18"
    "esbuild-linux-64" "0.15.18"
    "esbuild-linux-arm" "0.15.18"
    "esbuild-linux-arm64" "0.15.18"
    "esbuild-linux-mips64le" "0.15.18"
    "esbuild-linux-ppc64le" "0.15.18"
    "esbuild-linux-riscv64" "0.15.18"
    "esbuild-linux-s390x" "0.15.18"
    "esbuild-netbsd-64" "0.15.18"
    "esbuild-openbsd-64" "0.15.18"
    "esbuild-sunos-64" "0.15.18"
    "esbuild-windows-32" "0.15.18"
    "esbuild-windows-64" "0.15.18"
    "esbuild-windows-arm64" "0.15.18"

"estree-walker@^2.0.2":
  "integrity" "sha512-Rfkk/Mp/DL7JVje3u18FxFujQlTNR2q6QfMSMB7AvCBx91NGj/ba3kCfza0f6dVDbw7YlRf/nDrn7pQrCCyQ/w=="
  "resolved" "https://registry.npmjs.org/estree-walker/-/estree-walker-2.0.2.tgz"
  "version" "2.0.2"

"fsevents@~2.3.2":
  "integrity" "sha512-xiqMQR4xAeHTuB9uWm+fFRcIOgKBMiOBP+eXiyT7jsgVCq1bkVygt00oASowB7EdtpOHaaPgKt812P9ab+DDKA=="
  "resolved" "https://registry.npmjs.org/fsevents/-/fsevents-2.3.2.tgz"
  "version" "2.3.2"

"function-bind@^1.1.1":
  "integrity" "sha512-yIovAzMX49sF8Yl58fSCWJ5svSLuaibPxXQJFLmBObTuCr0Mf1KiPopGM9NiFjiYBCbfaa2Fh6breQ6ANVTI0A=="
  "resolved" "https://registry.npmjs.org/function-bind/-/function-bind-1.1.1.tgz"
  "version" "1.1.1"

"has@^1.0.3":
  "integrity" "sha512-f2dvO0VU6Oej7RkWJGrehjbzMAjFp5/VKPp5tTpWIV4JHHZK1/BxbFRtf/siA2SWTe09caDmVtYYzWEIbBS4zw=="
  "resolved" "https://registry.npmjs.org/has/-/has-1.0.3.tgz"
  "version" "1.0.3"
  dependencies:
    "function-bind" "^1.1.1"

"is-core-module@^2.9.0":
  "integrity" "sha512-RRjxlvLDkD1YJwDbroBHMb+cukurkDWNyHx7D3oNB5x9rb5ogcksMC5wHCadcXoo67gVr/+3GFySh3134zi6rw=="
  "resolved" "https://registry.npmjs.org/is-core-module/-/is-core-module-2.11.0.tgz"
  "version" "2.11.0"
  dependencies:
    "has" "^1.0.3"

"js-tokens@^3.0.0 || ^4.0.0":
  "integrity" "sha512-RdJUflcE3cUzKiMqQgsCu06FPu9UdIJO0beYbPhHN4k6apgJtifcoCtT9bcxOpYBtpD2kCM6Sbzg4CausW/PKQ=="
  "resolved" "https://registry.npmjs.org/js-tokens/-/js-tokens-4.0.0.tgz"
  "version" "4.0.0"

"lodash-es@^4.17.21":
  "integrity" "sha512-mKnC+QJ9pWVzv+C4/U3rRsHapFfHvQFoFB92e52xeyGMcX6/OlIl78je1u8vePzYZSkkogMPJ2yjxxsb89cxyw=="
  "resolved" "https://registry.npmjs.org/lodash-es/-/lodash-es-4.17.21.tgz"
  "version" "4.17.21"

"lodash.clamp@^4.0.3":
  "integrity" "sha512-HvzRFWjtcguTW7yd8NJBshuNaCa8aqNFtnswdT7f/cMd/1YKy5Zzoq4W/Oxvnx9l7aeY258uSdDfM793+eLsVg=="
  "resolved" "https://registry.npmjs.org/lodash.clamp/-/lodash.clamp-4.0.3.tgz"
  "version" "4.0.3"

"lodash.debounce@^4.0.8":
  "integrity" "sha512-FT1yDzDYEoYWhnSGnpE/4Kj1fLZkDFyqRb7fNt6FdYOSxlUWAtp42Eh6Wb0rGIv/m9Bgo7x4GhQbm5Ys4SG5ow=="
  "resolved" "https://registry.npmjs.org/lodash.debounce/-/lodash.debounce-4.0.8.tgz"
  "version" "4.0.8"

"loose-envify@^1.1.0":
  "integrity" "sha512-lyuxPGr/Wfhrlem2CL/UcnUc1zcqKAImBDzukY7Y5F/yQiNdko6+fRLevlw1HgMySw7f611UIY408EtxRSoK3Q=="
  "resolved" "https://registry.npmjs.org/loose-envify/-/loose-envify-1.4.0.tgz"
  "version" "1.4.0"
  dependencies:
    "js-tokens" "^3.0.0 || ^4.0.0"

"nanoid@^3.3.4":
  "integrity" "sha512-MqBkQh/OHTS2egovRtLk45wEyNXwF+cokD+1YPf9u5VfJiRdAiRwB2froX5Co9Rh20xs4siNPm8naNotSD6RBw=="
  "resolved" "https://registry.npmjs.org/nanoid/-/nanoid-3.3.4.tgz"
  "version" "3.3.4"

"path-parse@^1.0.7":
  "integrity" "sha512-LDJzPVEEEPR+y48z93A0Ed0yXb8pAByGWo/k5YYdYgpY2/2EsOsksJrq7lOHxryrVOn1ejG6oAp8ahvOIQD8sw=="
  "resolved" "https://registry.npmjs.org/path-parse/-/path-parse-1.0.7.tgz"
  "version" "1.0.7"

"picocolors@^1.0.0":
  "integrity" "sha512-1fygroTLlHu66zi26VoTDv8yRgm0Fccecssto+MhsZ0D/DGW2sm8E8AjW7NU5VVTRt5GxbeZ5qBuJr+HyLYkjQ=="
  "resolved" "https://registry.npmjs.org/picocolors/-/picocolors-1.0.0.tgz"
  "version" "1.0.0"

"picomatch@^2.3.1":
  "integrity" "sha512-JU3teHTNjmE2VCGFzuY8EXzCDVwEqB2a8fsIvwaStHhAWJEeVd1o1QD80CU6+ZdEXXSLbSsuLwJjkCBWqRQUVA=="
  "resolved" "https://registry.npmjs.org/picomatch/-/picomatch-2.3.1.tgz"
  "version" "2.3.1"

"postcss@^8.4.18":
  "integrity" "sha512-tP7u/Sn/dVxK2NnruI4H9BG+x+Wxz6oeZ1cJ8P6G/PZY0IKk4k/63TDsQf2kQq3+qoJeLm2kIBUNlZe3zgb4Zg=="
  "resolved" "https://registry.npmjs.org/postcss/-/postcss-8.4.21.tgz"
  "version" "8.4.21"
  dependencies:
    "nanoid" "^3.3.4"
    "picocolors" "^1.0.0"
    "source-map-js" "^1.0.2"

"react@^16.8.0 || ^17.0.0 || ^18.0.0", "react@>=16.8":
  "integrity" "sha512-/3IjMdb2L9QbBdWiW5e3P2/npwMBaU9mHCSCUzNln0ZCYbcfTsGbTJrU/kGemdH2IWmB2ioZ+zkxtmq6g09fGQ=="
  "resolved" "https://registry.npmjs.org/react/-/react-18.2.0.tgz"
  "version" "18.2.0"
  dependencies:
    "loose-envify" "^1.1.0"

"resolve@^1.22.1":
  "integrity" "sha512-nBpuuYuY5jFsli/JIs1oldw6fOQCBioohqWZg/2hiaOybXOft4lonv85uDOKXdf8rhyK159cxU5cDcK/NKk8zw=="
  "resolved" "https://registry.npmjs.org/resolve/-/resolve-1.22.1.tgz"
  "version" "1.22.1"
  dependencies:
    "is-core-module" "^2.9.0"
    "path-parse" "^1.0.7"
    "supports-preserve-symlinks-flag" "^1.0.0"

"rollup@^1.20.0||^2.0.0||^3.0.0", "rollup@^2.79.1":
  "integrity" "sha512-uKxbd0IhMZOhjAiD5oAFp7BqvkA4Dv47qpOCtaNvng4HBwdbWtdOh8f5nZNuk2rp51PMGk3bzfWu5oayNEuYnw=="
  "resolved" "https://registry.npmjs.org/rollup/-/rollup-2.79.1.tgz"
  "version" "2.79.1"
  optionalDependencies:
    "fsevents" "~2.3.2"

"smooth-scrollbar@^8.8.1":
  "integrity" "sha512-FQDRtdLTRye8LdRHohNAxh0hyo7gl8+APfA+8Qu5S38MBqR8/WqOoRVzjizH6FTdbU1qGsB7gs8LhMeFJ4Jr8g=="
  "resolved" "https://registry.npmjs.org/smooth-scrollbar/-/smooth-scrollbar-8.8.1.tgz"
  "version" "8.8.1"
  dependencies:
    "core-js" "^3.6.4"
    "lodash.clamp" "^4.0.3"
    "lodash.debounce" "^4.0.8"
    "tslib" "^1.10.0"

"source-map-js@^1.0.2":
  "integrity" "sha512-R0XvVJ9WusLiqTCEiGCmICCMplcCkIwwR11mOSD9CR5u+IXYdiseeEuXCVAjS54zqwkLcPNnmU4OeJ6tUrWhDw=="
  "resolved" "https://registry.npmjs.org/source-map-js/-/source-map-js-1.0.2.tgz"
  "version" "1.0.2"

"source-map-support@~0.5.20":
  "integrity" "sha512-uBHU3L3czsIyYXKX88fdrGovxdSCoTGDRZ6SYXtSRxLZUzHg5P/66Ht6uoUlHu9EZod+inXhKo3qQgwXUT/y1w=="
  "resolved" "https://registry.npmjs.org/source-map-support/-/source-map-support-0.5.21.tgz"
  "version" "0.5.21"
  dependencies:
    "buffer-from" "^1.0.0"
    "source-map" "^0.6.0"

"source-map@^0.6.0":
  "integrity" "sha512-UjgapumWlbMhkBgzT7Ykc5YXUT46F0iKu8SGXq0bcwP5dz/h0Plj6enJqjz1Zbq2l5WaqYnrVbwWOWMyF3F47g=="
  "resolved" "https://registry.npmjs.org/source-map/-/source-map-0.6.1.tgz"
  "version" "0.6.1"

"stats.js@^0.17.0":
  "integrity" "sha512-hNKz8phvYLPEcRkeG1rsGmV5ChMjKDAWU7/OJJdDErPBNChQXxCo3WZurGpnWc6gZhAzEPFad1aVgyOANH1sMw=="
  "resolved" "https://registry.npmjs.org/stats.js/-/stats.js-0.17.0.tgz"
  "version" "0.17.0"

"supports-preserve-symlinks-flag@^1.0.0":
  "integrity" "sha512-ot0WnXS9fgdkgIcePe6RHNk1WA8+muPa6cSjeR3V8K27q9BB1rTE3R1p7Hv0z1ZyAc8s6Vvv8DIyWf681MAt0w=="
  "resolved" "https://registry.npmjs.org/supports-preserve-symlinks-flag/-/supports-preserve-symlinks-flag-1.0.0.tgz"
  "version" "1.0.0"

"terser@^5.15.1", "terser@^5.4.0":
  "integrity" "sha512-qcwfg4+RZa3YvlFh0qjifnzBHjKGNbtDo9yivMqMFDy9Q6FSaQWSB/j1xKhsoUFJIqDOM3TsN6D5xbrMrFcHbg=="
  "resolved" "https://registry.npmjs.org/terser/-/terser-5.16.5.tgz"
  "version" "5.16.5"
  dependencies:
    "@jridgewell/source-map" "^0.3.2"
    "acorn" "^8.5.0"
    "commander" "^2.20.0"
    "source-map-support" "~0.5.20"

"three@^0.149.0":
  "integrity" "sha512-tohpUxPDht0qExRLDTM8sjRLc5d9STURNrdnK3w9A+V4pxaTBfKWWT/IqtiLfg23Vfc3Z+ImNfvRw1/0CtxrkQ=="
  "resolved" "https://registry.npmjs.org/three/-/three-0.149.0.tgz"
  "version" "0.149.0"

"tslib@^1.10.0":
  "integrity" "sha512-Xni35NKzjgMrwevysHTCArtLDpPvye8zV/0E4EyYn43P7/7qvQwPh9BGkHewbMulVntbigmcT7rdX3BNo9wRJg=="
  "resolved" "https://registry.npmjs.org/tslib/-/tslib-1.14.1.tgz"
  "version" "1.14.1"

"use-sync-external-store@1.2.0":
  "integrity" "sha512-eEgnFxGQ1Ife9bzYs6VLi8/4X6CObHMw9Qr9tPY43iKwsPw8xE8+EFsf/2cFZ5S3esXgpWgtSCtLNS41F+sKPA=="
  "resolved" "https://registry.npmjs.org/use-sync-external-store/-/use-sync-external-store-1.2.0.tgz"
  "version" "1.2.0"

"vite-plugin-glsl@^0.5.1":
  "integrity" "sha512-vc2/vWHq6TG/+qgmZXCzDFhXliRU1KFZ14SDnCilVJBJJb8WVI3AhbnWNGomMQyR5X27Kd2S/Mjvkbl3BqervA=="
  "resolved" "https://registry.npmjs.org/vite-plugin-glsl/-/vite-plugin-glsl-0.5.4.tgz"
  "version" "0.5.4"
  dependencies:
    "@rollup/pluginutils" "^5.0.2"

"vite@^3.0.0", "vite@^3.1.0":
  "integrity" "sha512-4mVEpXpSOgrssFZAOmGIr85wPHKvaDAcXqxVxVRZhljkJOMZi1ibLibzjLHzJvcok8BMguLc7g1W6W/GqZbLdQ=="
  "resolved" "https://registry.npmjs.org/vite/-/vite-3.2.5.tgz"
  "version" "3.2.5"
  dependencies:
    "esbuild" "^0.15.9"
    "postcss" "^8.4.18"
    "resolve" "^1.22.1"
    "rollup" "^2.79.1"
  optionalDependencies:
    "fsevents" "~2.3.2"

"zustand@^4.3.5":
  "integrity" "sha512-2iPUzfwx+g3f0PagOMz2vDO9mZzEp2puFpNe7vrAymVPOEIEUjCPkC4/zy84eAscxIWmTU4j9g6upXYkJdzEFQ=="
  "resolved" "https://registry.npmjs.org/zustand/-/zustand-4.3.5.tgz"
  "version" "4.3.5"
  dependencies:
    "use-sync-external-store" "1.2.0"
